
Microsoft Visual Studio Solution File, Format Version 12.00
# Visual Studio Version 17
VisualStudioVersion = 17.0.31919.166
MinimumVisualStudioVersion = 10.0.40219.1
Project("{FAE04EC0-301F-11D3-BF4B-00C04F79EFBC}") = "TestBitComponentDatePicker", "TestBitComponentDatePicker.csproj", "{9FB05097-29BB-4235-A8EA-2A9D2987F762}"
EndProject
Global
	GlobalSection(SolutionConfigurationPlatforms) = preSolution
		Debug|Any CPU = Debug|Any CPU
		Release|Any CPU = Release|Any CPU
	EndGlobalSection
	GlobalSection(ProjectConfigurationPlatforms) = postSolution
		{9FB05097-29BB-4235-A8EA-2A9D2987F762}.Debug|Any CPU.ActiveCfg = Debug|Any CPU
		{9FB05097-29BB-4235-A8EA-2A9D2987F762}.Debug|Any CPU.Build.0 = Debug|Any CPU
		{9FB05097-29BB-4235-A8EA-2A9D2987F762}.Release|Any CPU.ActiveCfg = Release|Any CPU
		{9FB05097-29BB-4235-A8EA-2A9D2987F762}.Release|Any CPU.Build.0 = Release|Any CPU
	EndGlobalSection
	GlobalSection(SolutionProperties) = preSolution
		HideSolutionNode = FALSE
	EndGlobalSection
	GlobalSection(ExtensibilityGlobals) = postSolution
		SolutionGuid = {D5616C4A-0190-4CE1-8E68-BC5507F734BA}
	EndGlobalSection
EndGlobal
